
Microsoft Visual Studio Solution File, Format Version 12.00
# Visual Studio Version 16
VisualStudioVersion = 16.0.30011.22
MinimumVisualStudioVersion = 10.0.40219.1
Project("{FAE04EC0-301F-11D3-BF4B-00C04F79EFBC}") = "LibraryCS", "LibraryCS\LibraryCS.csproj", "{AC4B5119-D6E6-4131-96DA-17CBF6C9C686}"
EndProject
Global
	GlobalSection(SolutionConfigurationPlatforms) = preSolution
		Debug|Any CPU = Debug|Any CPU
		Release|Any CPU = Release|Any CPU
	EndGlobalSection
	GlobalSection(ProjectConfigurationPlatforms) = postSolution
		{AC4B5119-D6E6-4131-96DA-17CBF6C9C686}.Debug|Any CPU.ActiveCfg = Debug|Any CPU
		{AC4B5119-D6E6-4131-96DA-17CBF6C9C686}.Debug|Any CPU.Build.0 = Debug|Any CPU
		{AC4B5119-D6E6-4131-96DA-17CBF6C9C686}.Release|Any CPU.ActiveCfg = Release|Any CPU
		{AC4B5119-D6E6-4131-96DA-17CBF6C9C686}.Release|Any CPU.Build.0 = Release|Any CPU
	EndGlobalSection
	GlobalSection(SolutionProperties) = preSolution
		HideSolutionNode = FALSE
	EndGlobalSection
	GlobalSection(ExtensibilityGlobals) = postSolution
		SolutionGuid = {0F13E1F9-5B8B-4240-A7FB-510FA8B89567}
	EndGlobalSection
EndGlobal
